
Microsoft Visual Studio Solution File, Format Version 12.00
# Visual Studio 15
VisualStudioVersion = 15.0.28307.329
MinimumVisualStudioVersion = 10.0.40219.1
Project("{9A19103F-16F7-4668-BE54-9A1E7A4F7556}") = "VZ.Reviews.Services", "VZ.Reviews.Services\VZ.Reviews.Services.csproj", "{C460D825-95AE-40FA-B8B9-E7B827B7B52D}"
EndProject
Project("{9A19103F-16F7-4668-BE54-9A1E7A4F7556}") = "VZ.Reviews.WorkerApi", "VZ.Reviews.WorkerApi\VZ.Reviews.WorkerApi.csproj", "{64AF1DB7-66B2-40EC-B328-B656582F3715}"
EndProject
Project("{FAE04EC0-301F-11D3-BF4B-00C04F79EFBC}") = "VZ.Reviews.Api", "VZ.Reviews.Api\VZ.Reviews.Api.csproj", "{C42249B7-AD1C-4363-B462-F7150986C1C7}"
EndProject
Global
	GlobalSection(SolutionConfigurationPlatforms) = preSolution
		Debug|Any CPU = Debug|Any CPU
		Release|Any CPU = Release|Any CPU
	EndGlobalSection
	GlobalSection(ProjectConfigurationPlatforms) = postSolution
		{C460D825-95AE-40FA-B8B9-E7B827B7B52D}.Debug|Any CPU.ActiveCfg = Debug|Any CPU
		{C460D825-95AE-40FA-B8B9-E7B827B7B52D}.Debug|Any CPU.Build.0 = Debug|Any CPU
		{C460D825-95AE-40FA-B8B9-E7B827B7B52D}.Release|Any CPU.ActiveCfg = Release|Any CPU
		{C460D825-95AE-40FA-B8B9-E7B827B7B52D}.Release|Any CPU.Build.0 = Release|Any CPU
		{64AF1DB7-66B2-40EC-B328-B656582F3715}.Debug|Any CPU.ActiveCfg = Debug|Any CPU
		{64AF1DB7-66B2-40EC-B328-B656582F3715}.Debug|Any CPU.Build.0 = Debug|Any CPU
		{64AF1DB7-66B2-40EC-B328-B656582F3715}.Release|Any CPU.ActiveCfg = Release|Any CPU
		{64AF1DB7-66B2-40EC-B328-B656582F3715}.Release|Any CPU.Build.0 = Release|Any CPU
		{C42249B7-AD1C-4363-B462-F7150986C1C7}.Debug|Any CPU.ActiveCfg = Debug|Any CPU
		{C42249B7-AD1C-4363-B462-F7150986C1C7}.Debug|Any CPU.Build.0 = Debug|Any CPU
		{C42249B7-AD1C-4363-B462-F7150986C1C7}.Release|Any CPU.ActiveCfg = Release|Any CPU
		{C42249B7-AD1C-4363-B462-F7150986C1C7}.Release|Any CPU.Build.0 = Release|Any CPU
	EndGlobalSection
	GlobalSection(SolutionProperties) = preSolution
		HideSolutionNode = FALSE
	EndGlobalSection
	GlobalSection(ExtensibilityGlobals) = postSolution
		SolutionGuid = {2842D04E-07A4-4045-9059-476BF14FC2DC}
	EndGlobalSection
EndGlobal
